// !$*UTF8*$!
{
	archiveVersion = 1;
	classes = {
	};
	objectVersion = 52;
	objects = {

/* Begin PBXBuildFile section */
		1C976D2A265800A700058CB7 /* AppDelegate.m in Sources */ = {isa = PBXBuildFile; fileRef = 1C976D29265800A700058CB7 /* AppDelegate.m */; };
		1C976D2D265800A700058CB7 /* SceneDelegate.m in Sources */ = {isa = PBXBuildFile; fileRef = 1C976D2C265800A700058CB7 /* SceneDelegate.m */; };
		1C976D30265800A700058CB7 /* ViewController.m in Sources */ = {isa = PBXBuildFile; fileRef = 1C976D2F265800A700058CB7 /* ViewController.m */; };
		1C976D33265800A700058CB7 /* Main.storyboard in Resources */ = {isa = PBXBuildFile; fileRef = 1C976D31265800A700058CB7 /* Main.storyboard */; };
		1C976D35265800A800058CB7 /* Assets.xcassets in Resources */ = {isa = PBXBuildFile; fileRef = 1C976D34265800A800058CB7 /* Assets.xcassets */; };
		1C976D38265800A800058CB7 /* LaunchScreen.storyboard in Resources */ = {isa = PBXBuildFile; fileRef = 1C976D36265800A800058CB7 /* LaunchScreen.storyboard */; };
		1C976D3B265800A800058CB7 /* main.m in Sources */ = {isa = PBXBuildFile; fileRef = 1C976D3A265800A800058CB7 /* main.m */; };
		1C976D43265800BB00058CB7 /* simple.xcframework in Frameworks */ = {isa = PBXBuildFile; fileRef = 1C976D41265800B700058CB7 /* simple.xcframework */; };
		1C976D44265800BB00058CB7 /* simple.xcframework in Embed Frameworks */ = {isa = PBXBuildFile; fileRef = 1C976D41265800B700058CB7 /* simple.xcframework */; settings = {ATTRIBUTES = (CodeSignOnCopy, RemoveHeadersOnCopy, ); }; };
/* End PBXBuildFile section */

/* Begin PBXCopyFilesBuildPhase section */
		1C976D45265800BB00058CB7 /* Embed Frameworks */ = {
			isa = PBXCopyFilesBuildPhase;
			buildActionMask = 2147483647;
			dstPath = "";
			dstSubfolderSpec = 10;
			files = (
				1C976D44265800BB00058CB7 /* simple.xcframework in Embed Frameworks */,
			);
			name = "Embed Frameworks";
			runOnlyForDeploymentPostprocessing = 0;
		};
/* End PBXCopyFilesBuildPhase section */

/* Begin PBXFileReference section */
		1C976D25265800A700058CB7 /* simulatorLoadFrameworkExample.app */ = {isa = PBXFileReference; explicitFileType = wrapper.application; includeInIndex = 0; path = simulatorLoadFrameworkExample.app; sourceTree = BUILT_PRODUCTS_DIR; };
		1C976D28265800A700058CB7 /* AppDelegate.h */ = {isa = PBXFileReference; lastKnownFileType = sourcecode.c.h; path = AppDelegate.h; sourceTree = "<group>"; };
		1C976D29265800A700058CB7 /* AppDelegate.m */ = {isa = PBXFileReference; lastKnownFileType = sourcecode.c.objc; path = AppDelegate.m; sourceTree = "<group>"; };
		1C976D2B265800A700058CB7 /* SceneDelegate.h */ = {isa = PBXFileReference; lastKnownFileType = sourcecode.c.h; path = SceneDelegate.h; sourceTree = "<group>"; };
		1C976D2C265800A700058CB7 /* SceneDelegate.m */ = {isa = PBXFileReference; lastKnownFileType = sourcecode.c.objc; path = SceneDelegate.m; sourceTree = "<group>"; };
		1C976D2E265800A700058CB7 /* ViewController.h */ = {isa = PBXFileReference; lastKnownFileType = sourcecode.c.h; path = ViewController.h; sourceTree = "<group>"; };
		1C976D2F265800A700058CB7 /* ViewController.m */ = {isa = PBXFileReference; lastKnownFileType = sourcecode.c.objc; path = ViewController.m; sourceTree = "<group>"; };
		1C976D32265800A700058CB7 /* Base */ = {isa = PBXFileReference; lastKnownFileType = file.storyboard; name = Base; path = Base.lproj/Main.storyboard; sourceTree = "<group>"; };
		1C976D34265800A800058CB7 /* Assets.xcassets */ = {isa = PBXFileReference; lastKnownFileType = folder.assetcatalog; path = Assets.xcassets; sourceTree = "<group>"; };
		1C976D37265800A800058CB7 /* Base */ = {isa = PBXFileReference; lastKnownFileType = file.storyboard; name = Base; path = Base.lproj/LaunchScreen.storyboard; sourceTree = "<group>"; };
		1C976D39265800A800058CB7 /* Info.plist */ = {isa = PBXFileReference; lastKnownFileType = text.plist.xml; path = Info.plist; sourceTree = "<group>"; };
		1C976D3A265800A800058CB7 /* main.m */ = {isa = PBXFileReference; lastKnownFileType = sourcecode.c.objc; path = main.m; sourceTree = "<group>"; };
		1C976D41265800B700058CB7 /* simple.xcframework */ = {isa = PBXFileReference; lastKnownFileType = wrapper.xcframework; path = simple.xcframework; sourceTree = "<group>"; };
/* End PBXFileReference section */

/* Begin PBXFrameworksBuildPhase section */
		1C976D22265800A700058CB7 /* Frameworks */ = {
			isa = PBXFrameworksBuildPhase;
			buildActionMask = 2147483647;
			files = (
				1C976D43265800BB00058CB7 /* simple.xcframework in Frameworks */,
			);
			runOnlyForDeploymentPostprocessing = 0;
		};
/* End PBXFrameworksBuildPhase section */

/* Begin PBXGroup section */
		1C976D1C265800A700058CB7 = {
			isa = PBXGroup;
			children = (
				1C976D41265800B700058CB7 /* simple.xcframework */,
				1C976D27265800A700058CB7 /* simulatorLoadFrameworkExample */,
				1C976D26265800A700058CB7 /* Products */,
			);
			sourceTree = "<group>";
		};
		1C976D26265800A700058CB7 /* Products */ = {
			isa = PBXGroup;
			children = (
				1C976D25265800A700058CB7 /* simulatorLoadFrameworkExample.app */,
			);
			name = Products;
			sourceTree = "<group>";
		};
		1C976D27265800A700058CB7 /* simulatorLoadFrameworkExample */ = {
			isa = PBXGroup;
			children = (
				1C976D28265800A700058CB7 /* AppDelegate.h */,
				1C976D29265800A700058CB7 /* AppDelegate.m */,
				1C976D2B265800A700058CB7 /* SceneDelegate.h */,
				1C976D2C265800A700058CB7 /* SceneDelegate.m */,
				1C976D2E265800A700058CB7 /* ViewController.h */,
				1C976D2F265800A700058CB7 /* ViewController.m */,
				1C976D31265800A700058CB7 /* Main.storyboard */,
				1C976D34265800A800058CB7 /* Assets.xcassets */,
				1C976D36265800A800058CB7 /* LaunchScreen.storyboard */,
				1C976D39265800A800058CB7 /* Info.plist */,
				1C976D3A265800A800058CB7 /* main.m */,
			);
			path = simulatorLoadFrameworkExample;
			sourceTree = "<group>";
		};
/* End PBXGroup section */

/* Begin PBXNativeTarget section */
		1C976D24265800A700058CB7 /* simulatorLoadFrameworkExample */ = {
			isa = PBXNativeTarget;
			buildConfigurationList = 1C976D3E265800A800058CB7 /* Build configuration list for PBXNativeTarget "simulatorLoadFrameworkExample" */;
			buildPhases = (
				1C976D21265800A700058CB7 /* Sources */,
				1C976D22265800A700058CB7 /* Frameworks */,
				1C976D23265800A700058CB7 /* Resources */,
				1C976D45265800BB00058CB7 /* Embed Frameworks */,
			);
			buildRules = (
			);
			dependencies = (
			);
			name = simulatorLoadFrameworkExample;
			productName = simulatorLoadFrameworkExample;
			productReference = 1C976D25265800A700058CB7 /* simulatorLoadFrameworkExample.app */;
			productType = "com.apple.product-type.application";
		};
/* End PBXNativeTarget section */

/* Begin PBXProject section */
		1C976D1D265800A700058CB7 /* Project object */ = {
			isa = PBXProject;
			attributes = {
				LastUpgradeCheck = 1250;
				TargetAttributes = {
					1C976D24265800A700058CB7 = {
						CreatedOnToolsVersion = 12.5;
					};
				};
			};
			buildConfigurationList = 1C976D20265800A700058CB7 /* Build configuration list for PBXProject "simulatorLoadFrameworkExample" */;
			compatibilityVersion = "Xcode 9.3";
			developmentRegion = en;
			hasScannedForEncodings = 0;
			knownRegions = (
				en,
				Base,
			);
			mainGroup = 1C976D1C265800A700058CB7;
			productRefGroup = 1C976D26265800A700058CB7 /* Products */;
			projectDirPath = "";
			projectRoot = "";
			targets = (
				1C976D24265800A700058CB7 /* simulatorLoadFrameworkExample */,
			);
		};
/* End PBXProject section */

/* Begin PBXResourcesBuildPhase section */
		1C976D23265800A700058CB7 /* Resources */ = {
			isa = PBXResourcesBuildPhase;
			buildActionMask = 2147483647;
			files = (
				1C976D38265800A800058CB7 /* LaunchScreen.storyboard in Resources */,
				1C976D35265800A800058CB7 /* Assets.xcassets in Resources */,
				1C976D33265800A700058CB7 /* Main.storyboard in Resources */,
			);
			runOnlyForDeploymentPostprocessing = 0;
		};
/* End PBXResourcesBuildPhase section */

/* Begin PBXSourcesBuildPhase section */
		1C976D21265800A700058CB7 /* Sources */ = {
			isa = PBXSourcesBuildPhase;
			buildActionMask = 2147483647;
			files = (
				1C976D30265800A700058CB7 /* ViewController.m in Sources */,
				1C976D2A265800A700058CB7 /* AppDelegate.m in Sources */,
				1C976D3B265800A800058CB7 /* main.m in Sources */,
				1C976D2D265800A700058CB7 /* SceneDelegate.m in Sources */,
			);
			runOnlyForDeploymentPostprocessing = 0;
		};
/* End PBXSourcesBuildPhase section */

/* Begin PBXVariantGroup section */
		1C976D31265800A700058CB7 /* Main.storyboard */ = {
			isa = PBXVariantGroup;
			children = (
				1C976D32265800A700058CB7 /* Base */,
			);
			name = Main.storyboard;
			sourceTree = "<group>";
		};
		1C976D36265800A800058CB7 /* LaunchScreen.storyboard */ = {
			isa = PBXVariantGroup;
			children = (
				1C976D37265800A800058CB7 /* Base */,
			);
			name = LaunchScreen.storyboard;
			sourceTree = "<group>";
		};
/* End PBXVariantGroup section */

/* Begin XCBuildConfiguration section */
		1C976D3C265800A800058CB7 /* Debug */ = {
			isa = XCBuildConfiguration;
			buildSettings = {
				ALWAYS_SEARCH_USER_PATHS = NO;
				CLANG_ANALYZER_NONNULL = YES;
				CLANG_ANALYZER_NUMBER_OBJECT_CONVERSION = YES_AGGRESSIVE;
				CLANG_CXX_LANGUAGE_STANDARD = "gnu++14";
				CLANG_CXX_LIBRARY = "libc++";
				CLANG_ENABLE_MODULES = YES;
				CLANG_ENABLE_OBJC_ARC = YES;
				CLANG_ENABLE_OBJC_WEAK = YES;
				CLANG_WARN_BLOCK_CAPTURE_AUTORELEASING = YES;
				CLANG_WARN_BOOL_CONVERSION = YES;
				CLANG_WARN_COMMA = YES;
				CLANG_WARN_CONSTANT_CONVERSION = YES;
				CLANG_WARN_DEPRECATED_OBJC_IMPLEMENTATIONS = YES;
				CLANG_WARN_DIRECT_OBJC_ISA_USAGE = YES_ERROR;
				CLANG_WARN_DOCUMENTATION_COMMENTS = YES;
				CLANG_WARN_EMPTY_BODY = YES;
				CLANG_WARN_ENUM_CONVERSION = YES;
				CLANG_WARN_INFINITE_RECURSION = YES;
				CLANG_WARN_INT_CONVERSION = YES;
				CLANG_WARN_NON_LITERAL_NULL_CONVERSION = YES;
				CLANG_WARN_OBJC_IMPLICIT_RETAIN_SELF = YES;
				CLANG_WARN_OBJC_LITERAL_CONVERSION = YES;
				CLANG_WARN_OBJC_ROOT_CLASS = YES_ERROR;
				CLANG_WARN_QUOTED_INCLUDE_IN_FRAMEWORK_HEADER = YES;
				CLANG_WARN_RANGE_LOOP_ANALYSIS = YES;
				CLANG_WARN_STRICT_PROTOTYPES = YES;
				CLANG_WARN_SUSPICIOUS_MOVE = YES;
				CLANG_WARN_UNGUARDED_AVAILABILITY = YES_AGGRESSIVE;
				CLANG_WARN_UNREACHABLE_CODE = YES;
				CLANG_WARN__DUPLICATE_METHOD_MATCH = YES;
				COPY_PHASE_STRIP = NO;
				DEBUG_INFORMATION_FORMAT = dwarf;
				ENABLE_STRICT_OBJC_MSGSEND = YES;
				ENABLE_TESTABILITY = YES;
				GCC_C_LANGUAGE_STANDARD = gnu11;
				GCC_DYNAMIC_NO_PIC = NO;
				GCC_NO_COMMON_BLOCKS = YES;
				GCC_OPTIMIZATION_LEVEL = 0;
				GCC_PREPROCESSOR_DEFINITIONS = (
					"DEBUG=1",
					"$(inherited)",
				);
				GCC_WARN_64_TO_32_BIT_CONVERSION = YES;
				GCC_WARN_ABOUT_RETURN_TYPE = YES_ERROR;
				GCC_WARN_UNDECLARED_SELECTOR = YES;
				GCC_WARN_UNINITIALIZED_AUTOS = YES_AGGRESSIVE;
				GCC_WARN_UNUSED_FUNCTION = YES;
				GCC_WARN_UNUSED_VARIABLE = YES;
				IPHONEOS_DEPLOYMENT_TARGET = 14.5;
				MTL_ENABLE_DEBUG_INFO = INCLUDE_SOURCE;
				MTL_FAST_MATH = YES;
				ONLY_ACTIVE_ARCH = YES;
				SDKROOT = iphoneos;
			};
			name = Debug;
		};
		1C976D3D265800A800058CB7 /* Release */ = {
			isa = XCBuildConfiguration;
			buildSettings = {
				ALWAYS_SEARCH_USER_PATHS = NO;
				CLANG_ANALYZER_NONNULL = YES;
				CLANG_ANALYZER_NUMBER_OBJECT_CONVERSION = YES_AGGRESSIVE;
				CLANG_CXX_LANGUAGE_STANDARD = "gnu++14";
				CLANG_CXX_LIBRARY = "libc++";
				CLANG_ENABLE_MODULES = YES;
				CLANG_ENABLE_OBJC_ARC = YES;
				CLANG_ENABLE_OBJC_WEAK = YES;
				CLANG_WARN_BLOCK_CAPTURE_AUTORELEASING = YES;
				CLANG_WARN_BOOL_CONVERSION = YES;
				CLANG_WARN_COMMA = YES;
				CLANG_WARN_CONSTANT_CONVERSION = YES;
				CLANG_WARN_DEPRECATED_OBJC_IMPLEMENTATIONS = YES;
				CLANG_WARN_DIRECT_OBJC_ISA_USAGE = YES_ERROR;
				CLANG_WARN_DOCUMENTATION_COMMENTS = YES;
				CLANG_WARN_EMPTY_BODY = YES;
				CLANG_WARN_ENUM_CONVERSION = YES;
				CLANG_WARN_INFINITE_RECURSION = YES;
				CLANG_WARN_INT_CONVERSION = YES;
				CLANG_WARN_NON_LITERAL_NULL_CONVERSION = YES;
				CLANG_WARN_OBJC_IMPLICIT_RETAIN_SELF = YES;
				CLANG_WARN_OBJC_LITERAL_CONVERSION = YES;
				CLANG_WARN_OBJC_ROOT_CLASS = YES_ERROR;
				CLANG_WARN_QUOTED_INCLUDE_IN_FRAMEWORK_HEADER = YES;
				CLANG_WARN_RANGE_LOOP_ANALYSIS = YES;
				CLANG_WARN_STRICT_PROTOTYPES = YES;
				CLANG_WARN_SUSPICIOUS_MOVE = YES;
				CLANG_WARN_UNGUARDED_AVAILABILITY = YES_AGGRESSIVE;
				CLANG_WARN_UNREACHABLE_CODE = YES;
				CLANG_WARN__DUPLICATE_METHOD_MATCH = YES;
				COPY_PHASE_STRIP = NO;
				DEBUG_INFORMATION_FORMAT = "dwarf-with-dsym";
				ENABLE_NS_ASSERTIONS = NO;
				ENABLE_STRICT_OBJC_MSGSEND = YES;
				GCC_C_LANGUAGE_STANDARD = gnu11;
				GCC_NO_COMMON_BLOCKS = YES;
				GCC_WARN_64_TO_32_BIT_CONVERSION = YES;
				GCC_WARN_ABOUT_RETURN_TYPE = YES_ERROR;
				GCC_WARN_UNDECLARED_SELECTOR = YES;
				GCC_WARN_UNINITIALIZED_AUTOS = YES_AGGRESSIVE;
				GCC_WARN_UNUSED_FUNCTION = YES;
				GCC_WARN_UNUSED_VARIABLE = YES;
				IPHONEOS_DEPLOYMENT_TARGET = 14.5;
				MTL_ENABLE_DEBUG_INFO = NO;
				MTL_FAST_MATH = YES;
				SDKROOT = iphoneos;
				VALIDATE_PRODUCT = YES;
			};
			name = Release;
		};
		1C976D3F265800A800058CB7 /* Debug */ = {
			isa = XCBuildConfiguration;
			buildSettings = {
				ASSETCATALOG_COMPILER_APPICON_NAME = AppIcon;
				ASSETCATALOG_COMPILER_GLOBAL_ACCENT_COLOR_NAME = AccentColor;
				CODE_SIGN_STYLE = Automatic;
				DEVELOPMENT_TEAM = PD7G6HRMGV;
				INFOPLIST_FILE = simulatorLoadFrameworkExample/Info.plist;
				IPHONEOS_DEPLOYMENT_TARGET = 13.0;
				LD_RUNPATH_SEARCH_PATHS = (
					"$(inherited)",
					"@executable_path/Frameworks",
				);
				PRODUCT_BUNDLE_IDENTIFIER = net.zetetic.simulatorLoadFrameworkExample;
				PRODUCT_NAME = "$(TARGET_NAME)";
				TARGETED_DEVICE_FAMILY = "1,2";
			};
			name = Debug;
		};
		1C976D40265800A800058CB7 /* Release */ = {
			isa = XCBuildConfiguration;
			buildSettings = {
				ASSETCATALOG_COMPILER_APPICON_NAME = AppIcon;
				ASSETCATALOG_COMPILER_GLOBAL_ACCENT_COLOR_NAME = AccentColor;
				CODE_SIGN_STYLE = Automatic;
				DEVELOPMENT_TEAM = PD7G6HRMGV;
				INFOPLIST_FILE = simulatorLoadFrameworkExample/Info.plist;
				IPHONEOS_DEPLOYMENT_TARGET = 13.0;
				LD_RUNPATH_SEARCH_PATHS = (
					"$(inherited)",
					"@executable_path/Frameworks",
				);
				PRODUCT_BUNDLE_IDENTIFIER = net.zetetic.simulatorLoadFrameworkExample;
				PRODUCT_NAME = "$(TARGET_NAME)";
				TARGETED_DEVICE_FAMILY = "1,2";
			};
			name = Release;
		};
/* End XCBuildConfiguration section */

/* Begin XCConfigurationList section */
		1C976D20265800A700058CB7 /* Build configuration list for PBXProject "simulatorLoadFrameworkExample" */ = {
			isa = XCConfigurationList;
			buildConfigurations = (
				1C976D3C265800A800058CB7 /* Debug */,
				1C976D3D265800A800058CB7 /* Release */,
			);
			defaultConfigurationIsVisible = 0;
			defaultConfigurationName = Release;
		};
		1C976D3E265800A800058CB7 /* Build configuration list for PBXNativeTarget "simulatorLoadFrameworkExample" */ = {
			isa = XCConfigurationList;
			buildConfigurations = (
				1C976D3F265800A800058CB7 /* Debug */,
				1C976D40265800A800058CB7 /* Release */,
			);
			defaultConfigurationIsVisible = 0;
			defaultConfigurationName = Release;
		};
/* End XCConfigurationList section */
	};
	rootObject = 1C976D1D265800A700058CB7 /* Project object */;
}
